// !$*UTF8*$!
{
	archiveVersion = 1;
	classes = {
	};
	objectVersion = 46;
	objects = {

/* Begin PBXBuildFile section */
		145EBF6C1BDFAC33006DF44B /* main.m in Sources */ = {isa = PBXBuildFile; fileRef = 145EBF6B1BDFAC33006DF44B /* main.m */; };
		145EBF6F1BDFAC33006DF44B /* AppDelegate.m in Sources */ = {isa = PBXBuildFile; fileRef = 145EBF6E1BDFAC33006DF44B /* AppDelegate.m */; };
		145EBF721BDFAC33006DF44B /* ViewController.m in Sources */ = {isa = PBXBuildFile; fileRef = 145EBF711BDFAC33006DF44B /* ViewController.m */; };
		145EBF751BDFAC33006DF44B /* Main.storyboard in Resources */ = {isa = PBXBuildFile; fileRef = 145EBF731BDFAC33006DF44B /* Main.storyboard */; };
		145EBF781BDFAC33006DF44B /* AgendaDeContatos.xcdatamodeld in Sources */ = {isa = PBXBuildFile; fileRef = 145EBF761BDFAC33006DF44B /* AgendaDeContatos.xcdatamodeld */; };
		145EBF7A1BDFAC33006DF44B /* Assets.xcassets in Resources */ = {isa = PBXBuildFile; fileRef = 145EBF791BDFAC33006DF44B /* Assets.xcassets */; };
		145EBF7D1BDFAC33006DF44B /* LaunchScreen.storyboard in Resources */ = {isa = PBXBuildFile; fileRef = 145EBF7B1BDFAC33006DF44B /* LaunchScreen.storyboard */; };
		145EBF881BDFAC33006DF44B /* AgendaDeContatosTests.m in Sources */ = {isa = PBXBuildFile; fileRef = 145EBF871BDFAC33006DF44B /* AgendaDeContatosTests.m */; };
		145EBF931BDFAC33006DF44B /* AgendaDeContatosUITests.m in Sources */ = {isa = PBXBuildFile; fileRef = 145EBF921BDFAC33006DF44B /* AgendaDeContatosUITests.m */; };
/* End PBXBuildFile section */

/* Begin PBXContainerItemProxy section */
		145EBF841BDFAC33006DF44B /* PBXContainerItemProxy */ = {
			isa = PBXContainerItemProxy;
			containerPortal = 145EBF5F1BDFAC32006DF44B /* Project object */;
			proxyType = 1;
			remoteGlobalIDString = 145EBF661BDFAC32006DF44B;
			remoteInfo = AgendaDeContatos;
		};
		145EBF8F1BDFAC33006DF44B /* PBXContainerItemProxy */ = {
			isa = PBXContainerItemProxy;
			containerPortal = 145EBF5F1BDFAC32006DF44B /* Project object */;
			proxyType = 1;
			remoteGlobalIDString = 145EBF661BDFAC32006DF44B;
			remoteInfo = AgendaDeContatos;
		};
/* End PBXContainerItemProxy section */

/* Begin PBXFileReference section */
		145EBF671BDFAC33006DF44B /* AgendaDeContatos.app */ = {isa = PBXFileReference; explicitFileType = wrapper.application; includeInIndex = 0; path = AgendaDeContatos.app; sourceTree = BUILT_PRODUCTS_DIR; };
		145EBF6B1BDFAC33006DF44B /* main.m */ = {isa = PBXFileReference; lastKnownFileType = sourcecode.c.objc; path = main.m; sourceTree = "<group>"; };
		145EBF6D1BDFAC33006DF44B /* AppDelegate.h */ = {isa = PBXFileReference; lastKnownFileType = sourcecode.c.h; path = AppDelegate.h; sourceTree = "<group>"; };
		145EBF6E1BDFAC33006DF44B /* AppDelegate.m */ = {isa = PBXFileReference; lastKnownFileType = sourcecode.c.objc; path = AppDelegate.m; sourceTree = "<group>"; };
		145EBF701BDFAC33006DF44B /* ViewController.h */ = {isa = PBXFileReference; lastKnownFileType = sourcecode.c.h; path = ViewController.h; sourceTree = "<group>"; };
		145EBF711BDFAC33006DF44B /* ViewController.m */ = {isa = PBXFileReference; lastKnownFileType = sourcecode.c.objc; path = ViewController.m; sourceTree = "<group>"; };
		145EBF741BDFAC33006DF44B /* Base */ = {isa = PBXFileReference; lastKnownFileType = file.storyboard; name = Base; path = Base.lproj/Main.storyboard; sourceTree = "<group>"; };
		145EBF771BDFAC33006DF44B /* AgendaDeContatos.xcdatamodel */ = {isa = PBXFileReference; lastKnownFileType = wrapper.xcdatamodel; path = AgendaDeContatos.xcdatamodel; sourceTree = "<group>"; };
		145EBF791BDFAC33006DF44B /* Assets.xcassets */ = {isa = PBXFileReference; lastKnownFileType = folder.assetcatalog; path = Assets.xcassets; sourceTree = "<group>"; };
		145EBF7C1BDFAC33006DF44B /* Base */ = {isa = PBXFileReference; lastKnownFileType = file.storyboard; name = Base; path = Base.lproj/LaunchScreen.storyboard; sourceTree = "<group>"; };
		145EBF7E1BDFAC33006DF44B /* Info.plist */ = {isa = PBXFileReference; lastKnownFileType = text.plist.xml; path = Info.plist; sourceTree = "<group>"; };
		145EBF831BDFAC33006DF44B /* AgendaDeContatosTests.xctest */ = {isa = PBXFileReference; explicitFileType = wrapper.cfbundle; includeInIndex = 0; path = AgendaDeContatosTests.xctest; sourceTree = BUILT_PRODUCTS_DIR; };
		145EBF871BDFAC33006DF44B /* AgendaDeContatosTests.m */ = {isa = PBXFileReference; lastKnownFileType = sourcecode.c.objc; path = AgendaDeContatosTests.m; sourceTree = "<group>"; };
		145EBF891BDFAC33006DF44B /* Info.plist */ = {isa = PBXFileReference; lastKnownFileType = text.plist.xml; path = Info.plist; sourceTree = "<group>"; };
		145EBF8E1BDFAC33006DF44B /* AgendaDeContatosUITests.xctest */ = {isa = PBXFileReference; explicitFileType = wrapper.cfbundle; includeInIndex = 0; path = AgendaDeContatosUITests.xctest; sourceTree = BUILT_PRODUCTS_DIR; };
		145EBF921BDFAC33006DF44B /* AgendaDeContatosUITests.m */ = {isa = PBXFileReference; lastKnownFileType = sourcecode.c.objc; path = AgendaDeContatosUITests.m; sourceTree = "<group>"; };
		145EBF941BDFAC33006DF44B /* Info.plist */ = {isa = PBXFileReference; lastKnownFileType = text.plist.xml; path = Info.plist; sourceTree = "<group>"; };
/* End PBXFileReference section */

/* Begin PBXFrameworksBuildPhase section */
		145EBF641BDFAC32006DF44B /* Frameworks */ = {
			isa = PBXFrameworksBuildPhase;
			buildActionMask = 2147483647;
			files = (
			);
			runOnlyForDeploymentPostprocessing = 0;
		};
		145EBF801BDFAC33006DF44B /* Frameworks */ = {
			isa = PBXFrameworksBuildPhase;
			buildActionMask = 2147483647;
			files = (
			);
			runOnlyForDeploymentPostprocessing = 0;
		};
		145EBF8B1BDFAC33006DF44B /* Frameworks */ = {
			isa = PBXFrameworksBuildPhase;
			buildActionMask = 2147483647;
			files = (
			);
			runOnlyForDeploymentPostprocessing = 0;
		};
/* End PBXFrameworksBuildPhase section */

/* Begin PBXGroup section */
		145EBF5E1BDFAC32006DF44B = {
			isa = PBXGroup;
			children = (
				145EBF691BDFAC33006DF44B /* AgendaDeContatos */,
				145EBF861BDFAC33006DF44B /* AgendaDeContatosTests */,
				145EBF911BDFAC33006DF44B /* AgendaDeContatosUITests */,
				145EBF681BDFAC33006DF44B /* Products */,
			);
			sourceTree = "<group>";
		};
		145EBF681BDFAC33006DF44B /* Products */ = {
			isa = PBXGroup;
			children = (
				145EBF671BDFAC33006DF44B /* AgendaDeContatos.app */,
				145EBF831BDFAC33006DF44B /* AgendaDeContatosTests.xctest */,
				145EBF8E1BDFAC33006DF44B /* AgendaDeContatosUITests.xctest */,
			);
			name = Products;
			sourceTree = "<group>";
		};
		145EBF691BDFAC33006DF44B /* AgendaDeContatos */ = {
			isa = PBXGroup;
			children = (
				145EBF6D1BDFAC33006DF44B /* AppDelegate.h */,
				145EBF6E1BDFAC33006DF44B /* AppDelegate.m */,
				145EBF701BDFAC33006DF44B /* ViewController.h */,
				145EBF711BDFAC33006DF44B /* ViewController.m */,
				145EBF731BDFAC33006DF44B /* Main.storyboard */,
				145EBF791BDFAC33006DF44B /* Assets.xcassets */,
				145EBF7B1BDFAC33006DF44B /* LaunchScreen.storyboard */,
				145EBF7E1BDFAC33006DF44B /* Info.plist */,
				145EBF761BDFAC33006DF44B /* AgendaDeContatos.xcdatamodeld */,
				145EBF6A1BDFAC33006DF44B /* Supporting Files */,
			);
			path = AgendaDeContatos;
			sourceTree = "<group>";
		};
		145EBF6A1BDFAC33006DF44B /* Supporting Files */ = {
			isa = PBXGroup;
			children = (
				145EBF6B1BDFAC33006DF44B /* main.m */,
			);
			name = "Supporting Files";
			sourceTree = "<group>";
		};
		145EBF861BDFAC33006DF44B /* AgendaDeContatosTests */ = {
			isa = PBXGroup;
			children = (
				145EBF871BDFAC33006DF44B /* AgendaDeContatosTests.m */,
				145EBF891BDFAC33006DF44B /* Info.plist */,
			);
			path = AgendaDeContatosTests;
			sourceTree = "<group>";
		};
		145EBF911BDFAC33006DF44B /* AgendaDeContatosUITests */ = {
			isa = PBXGroup;
			children = (
				145EBF921BDFAC33006DF44B /* AgendaDeContatosUITests.m */,
				145EBF941BDFAC33006DF44B /* Info.plist */,
			);
			path = AgendaDeContatosUITests;
			sourceTree = "<group>";
		};
/* End PBXGroup section */

/* Begin PBXNativeTarget section */
		145EBF661BDFAC32006DF44B /* AgendaDeContatos */ = {
			isa = PBXNativeTarget;
			buildConfigurationList = 145EBF971BDFAC33006DF44B /* Build configuration list for PBXNativeTarget "AgendaDeContatos" */;
			buildPhases = (
				145EBF631BDFAC32006DF44B /* Sources */,
				145EBF641BDFAC32006DF44B /* Frameworks */,
				145EBF651BDFAC32006DF44B /* Resources */,
			);
			buildRules = (
			);
			dependencies = (
			);
			name = AgendaDeContatos;
			productName = AgendaDeContatos;
			productReference = 145EBF671BDFAC33006DF44B /* AgendaDeContatos.app */;
			productType = "com.apple.product-type.application";
		};
		145EBF821BDFAC33006DF44B /* AgendaDeContatosTests */ = {
			isa = PBXNativeTarget;
			buildConfigurationList = 145EBF9A1BDFAC33006DF44B /* Build configuration list for PBXNativeTarget "AgendaDeContatosTests" */;
			buildPhases = (
				145EBF7F1BDFAC33006DF44B /* Sources */,
				145EBF801BDFAC33006DF44B /* Frameworks */,
				145EBF811BDFAC33006DF44B /* Resources */,
			);
			buildRules = (
			);
			dependencies = (
				145EBF851BDFAC33006DF44B /* PBXTargetDependency */,
			);
			name = AgendaDeContatosTests;
			productName = AgendaDeContatosTests;
			productReference = 145EBF831BDFAC33006DF44B /* AgendaDeContatosTests.xctest */;
			productType = "com.apple.product-type.bundle.unit-test";
		};
		145EBF8D1BDFAC33006DF44B /* AgendaDeContatosUITests */ = {
			isa = PBXNativeTarget;
			buildConfigurationList = 145EBF9D1BDFAC33006DF44B /* Build configuration list for PBXNativeTarget "AgendaDeContatosUITests" */;
			buildPhases = (
				145EBF8A1BDFAC33006DF44B /* Sources */,
				145EBF8B1BDFAC33006DF44B /* Frameworks */,
				145EBF8C1BDFAC33006DF44B /* Resources */,
			);
			buildRules = (
			);
			dependencies = (
				145EBF901BDFAC33006DF44B /* PBXTargetDependency */,
			);
			name = AgendaDeContatosUITests;
			productName = AgendaDeContatosUITests;
			productReference = 145EBF8E1BDFAC33006DF44B /* AgendaDeContatosUITests.xctest */;
			productType = "com.apple.product-type.bundle.ui-testing";
		};
/* End PBXNativeTarget section */

/* Begin PBXProject section */
		145EBF5F1BDFAC32006DF44B /* Project object */ = {
			isa = PBXProject;
			attributes = {
				LastUpgradeCheck = 0700;
				ORGANIZATIONNAME = "Carlos Alberto Mota Candreva";
				TargetAttributes = {
					145EBF661BDFAC32006DF44B = {
						CreatedOnToolsVersion = 7.0;
					};
					145EBF821BDFAC33006DF44B = {
						CreatedOnToolsVersion = 7.0;
						TestTargetID = 145EBF661BDFAC32006DF44B;
					};
					145EBF8D1BDFAC33006DF44B = {
						CreatedOnToolsVersion = 7.0;
						TestTargetID = 145EBF661BDFAC32006DF44B;
					};
				};
			};
			buildConfigurationList = 145EBF621BDFAC32006DF44B /* Build configuration list for PBXProject "AgendaDeContatos" */;
			compatibilityVersion = "Xcode 3.2";
			developmentRegion = English;
			hasScannedForEncodings = 0;
			knownRegions = (
				en,
				Base,
			);
			mainGroup = 145EBF5E1BDFAC32006DF44B;
			productRefGroup = 145EBF681BDFAC33006DF44B /* Products */;
			projectDirPath = "";
			projectRoot = "";
			targets = (
				145EBF661BDFAC32006DF44B /* AgendaDeContatos */,
				145EBF821BDFAC33006DF44B /* AgendaDeContatosTests */,
				145EBF8D1BDFAC33006DF44B /* AgendaDeContatosUITests */,
			);
		};
/* End PBXProject section */

/* Begin PBXResourcesBuildPhase section */
		145EBF651BDFAC32006DF44B /* Resources */ = {
			isa = PBXResourcesBuildPhase;
			buildActionMask = 2147483647;
			files = (
				145EBF7D1BDFAC33006DF44B /* LaunchScreen.storyboard in Resources */,
				145EBF7A1BDFAC33006DF44B /* Assets.xcassets in Resources */,
				145EBF751BDFAC33006DF44B /* Main.storyboard in Resources */,
			);
			runOnlyForDeploymentPostprocessing = 0;
		};
		145EBF811BDFAC33006DF44B /* Resources */ = {
			isa = PBXResourcesBuildPhase;
			buildActionMask = 2147483647;
			files = (
			);
			runOnlyForDeploymentPostprocessing = 0;
		};
		145EBF8C1BDFAC33006DF44B /* Resources */ = {
			isa = PBXResourcesBuildPhase;
			buildActionMask = 2147483647;
			files = (
			);
			runOnlyForDeploymentPostprocessing = 0;
		};
/* End PBXResourcesBuildPhase section */

/* Begin PBXSourcesBuildPhase section */
		145EBF631BDFAC32006DF44B /* Sources */ = {
			isa = PBXSourcesBuildPhase;
			buildActionMask = 2147483647;
			files = (
				145EBF721BDFAC33006DF44B /* ViewController.m in Sources */,
				145EBF781BDFAC33006DF44B /* AgendaDeContatos.xcdatamodeld in Sources */,
				145EBF6F1BDFAC33006DF44B /* AppDelegate.m in Sources */,
				145EBF6C1BDFAC33006DF44B /* main.m in Sources */,
			);
			runOnlyForDeploymentPostprocessing = 0;
		};
		145EBF7F1BDFAC33006DF44B /* Sources */ = {
			isa = PBXSourcesBuildPhase;
			buildActionMask = 2147483647;
			files = (
				145EBF881BDFAC33006DF44B /* AgendaDeContatosTests.m in Sources */,
			);
			runOnlyForDeploymentPostprocessing = 0;
		};
		145EBF8A1BDFAC33006DF44B /* Sources */ = {
			isa = PBXSourcesBuildPhase;
			buildActionMask = 2147483647;
			files = (
				145EBF931BDFAC33006DF44B /* AgendaDeContatosUITests.m in Sources */,
			);
			runOnlyForDeploymentPostprocessing = 0;
		};
/* End PBXSourcesBuildPhase section */

/* Begin PBXTargetDependency section */
		145EBF851BDFAC33006DF44B /* PBXTargetDependency */ = {
			isa = PBXTargetDependency;
			target = 145EBF661BDFAC32006DF44B /* AgendaDeContatos */;
			targetProxy = 145EBF841BDFAC33006DF44B /* PBXContainerItemProxy */;
		};
		145EBF901BDFAC33006DF44B /* PBXTargetDependency */ = {
			isa = PBXTargetDependency;
			target = 145EBF661BDFAC32006DF44B /* AgendaDeContatos */;
			targetProxy = 145EBF8F1BDFAC33006DF44B /* PBXContainerItemProxy */;
		};
/* End PBXTargetDependency section */

/* Begin PBXVariantGroup section */
		145EBF731BDFAC33006DF44B /* Main.storyboard */ = {
			isa = PBXVariantGroup;
			children = (
				145EBF741BDFAC33006DF44B /* Base */,
			);
			name = Main.storyboard;
			sourceTree = "<group>";
		};
		145EBF7B1BDFAC33006DF44B /* LaunchScreen.storyboard */ = {
			isa = PBXVariantGroup;
			children = (
				145EBF7C1BDFAC33006DF44B /* Base */,
			);
			name = LaunchScreen.storyboard;
			sourceTree = "<group>";
		};
/* End PBXVariantGroup section */

/* Begin XCBuildConfiguration section */
		145EBF951BDFAC33006DF44B /* Debug */ = {
			isa = XCBuildConfiguration;
			buildSettings = {
				ALWAYS_SEARCH_USER_PATHS = NO;
				CLANG_CXX_LANGUAGE_STANDARD = "gnu++0x";
				CLANG_CXX_LIBRARY = "libc++";
				CLANG_ENABLE_MODULES = YES;
				CLANG_ENABLE_OBJC_ARC = YES;
				CLANG_WARN_BOOL_CONVERSION = YES;
				CLANG_WARN_CONSTANT_CONVERSION = YES;
				CLANG_WARN_DIRECT_OBJC_ISA_USAGE = YES_ERROR;
				CLANG_WARN_EMPTY_BODY = YES;
				CLANG_WARN_ENUM_CONVERSION = YES;
				CLANG_WARN_INT_CONVERSION = YES;
				CLANG_WARN_OBJC_ROOT_CLASS = YES_ERROR;
				CLANG_WARN_UNREACHABLE_CODE = YES;
				CLANG_WARN__DUPLICATE_METHOD_MATCH = YES;
				"CODE_SIGN_IDENTITY[sdk=iphoneos*]" = "iPhone Developer";
				COPY_PHASE_STRIP = NO;
				DEBUG_INFORMATION_FORMAT = dwarf;
				ENABLE_STRICT_OBJC_MSGSEND = YES;
				ENABLE_TESTABILITY = YES;
				GCC_C_LANGUAGE_STANDARD = gnu99;
				GCC_DYNAMIC_NO_PIC = NO;
				GCC_NO_COMMON_BLOCKS = YES;
				GCC_OPTIMIZATION_LEVEL = 0;
				GCC_PREPROCESSOR_DEFINITIONS = (
					"DEBUG=1",
					"$(inherited)",
				);
				GCC_WARN_64_TO_32_BIT_CONVERSION = YES;
				GCC_WARN_ABOUT_RETURN_TYPE = YES_ERROR;
				GCC_WARN_UNDECLARED_SELECTOR = YES;
				GCC_WARN_UNINITIALIZED_AUTOS = YES_AGGRESSIVE;
				GCC_WARN_UNUSED_FUNCTION = YES;
				GCC_WARN_UNUSED_VARIABLE = YES;
				IPHONEOS_DEPLOYMENT_TARGET = 9.0;
				MTL_ENABLE_DEBUG_INFO = YES;
				ONLY_ACTIVE_ARCH = YES;
				SDKROOT = iphoneos;
				TARGETED_DEVICE_FAMILY = "1,2";
			};
			name = Debug;
		};
		145EBF961BDFAC33006DF44B /* Release */ = {
			isa = XCBuildConfiguration;
			buildSettings = {
				ALWAYS_SEARCH_USER_PATHS = NO;
				CLANG_CXX_LANGUAGE_STANDARD = "gnu++0x";
				CLANG_CXX_LIBRARY = "libc++";
				CLANG_ENABLE_MODULES = YES;
				CLANG_ENABLE_OBJC_ARC = YES;
				CLANG_WARN_BOOL_CONVERSION = YES;
				CLANG_WARN_CONSTANT_CONVERSION = YES;
				CLANG_WARN_DIRECT_OBJC_ISA_USAGE = YES_ERROR;
				CLANG_WARN_EMPTY_BODY = YES;
				CLANG_WARN_ENUM_CONVERSION = YES;
				CLANG_WARN_INT_CONVERSION = YES;
				CLANG_WARN_OBJC_ROOT_CLASS = YES_ERROR;
				CLANG_WARN_UNREACHABLE_CODE = YES;
				CLANG_WARN__DUPLICATE_METHOD_MATCH = YES;
				"CODE_SIGN_IDENTITY[sdk=iphoneos*]" = "iPhone Developer";
				COPY_PHASE_STRIP = NO;
				DEBUG_INFORMATION_FORMAT = "dwarf-with-dsym";
				ENABLE_NS_ASSERTIONS = NO;
				ENABLE_STRICT_OBJC_MSGSEND = YES;
				GCC_C_LANGUAGE_STANDARD = gnu99;
				GCC_NO_COMMON_BLOCKS = YES;
				GCC_WARN_64_TO_32_BIT_CONVERSION = YES;
				GCC_WARN_ABOUT_RETURN_TYPE = YES_ERROR;
				GCC_WARN_UNDECLARED_SELECTOR = YES;
				GCC_WARN_UNINITIALIZED_AUTOS = YES_AGGRESSIVE;
				GCC_WARN_UNUSED_FUNCTION = YES;
				GCC_WARN_UNUSED_VARIABLE = YES;
				IPHONEOS_DEPLOYMENT_TARGET = 9.0;
				MTL_ENABLE_DEBUG_INFO = NO;
				SDKROOT = iphoneos;
				TARGETED_DEVICE_FAMILY = "1,2";
				VALIDATE_PRODUCT = YES;
			};
			name = Release;
		};
		145EBF981BDFAC33006DF44B /* Debug */ = {
			isa = XCBuildConfiguration;
			buildSettings = {
				ASSETCATALOG_COMPILER_APPICON_NAME = AppIcon;
				INFOPLIST_FILE = AgendaDeContatos/Info.plist;
				LD_RUNPATH_SEARCH_PATHS = "$(inherited) @executable_path/Frameworks";
				PRODUCT_BUNDLE_IDENTIFIER = com.carloscandreva.AgendaDeContatos;
				PRODUCT_NAME = "$(TARGET_NAME)";
			};
			name = Debug;
		};
		145EBF991BDFAC33006DF44B /* Release */ = {
			isa = XCBuildConfiguration;
			buildSettings = {
				ASSETCATALOG_COMPILER_APPICON_NAME = AppIcon;
				INFOPLIST_FILE = AgendaDeContatos/Info.plist;
				LD_RUNPATH_SEARCH_PATHS = "$(inherited) @executable_path/Frameworks";
				PRODUCT_BUNDLE_IDENTIFIER = com.carloscandreva.AgendaDeContatos;
				PRODUCT_NAME = "$(TARGET_NAME)";
			};
			name = Release;
		};
		145EBF9B1BDFAC33006DF44B /* Debug */ = {
			isa = XCBuildConfiguration;
			buildSettings = {
				BUNDLE_LOADER = "$(TEST_HOST)";
				INFOPLIST_FILE = AgendaDeContatosTests/Info.plist;
				LD_RUNPATH_SEARCH_PATHS = "$(inherited) @executable_path/Frameworks @loader_path/Frameworks";
				PRODUCT_BUNDLE_IDENTIFIER = com.carloscandreva.AgendaDeContatosTests;
				PRODUCT_NAME = "$(TARGET_NAME)";
				TEST_HOST = "$(BUILT_PRODUCTS_DIR)/AgendaDeContatos.app/AgendaDeContatos";
			};
			name = Debug;
		};
		145EBF9C1BDFAC33006DF44B /* Release */ = {
			isa = XCBuildConfiguration;
			buildSettings = {
				BUNDLE_LOADER = "$(TEST_HOST)";
				INFOPLIST_FILE = AgendaDeContatosTests/Info.plist;
				LD_RUNPATH_SEARCH_PATHS = "$(inherited) @executable_path/Frameworks @loader_path/Frameworks";
				PRODUCT_BUNDLE_IDENTIFIER = com.carloscandreva.AgendaDeContatosTests;
				PRODUCT_NAME = "$(TARGET_NAME)";
				TEST_HOST = "$(BUILT_PRODUCTS_DIR)/AgendaDeContatos.app/AgendaDeContatos";
			};
			name = Release;
		};
		145EBF9E1BDFAC33006DF44B /* Debug */ = {
			isa = XCBuildConfiguration;
			buildSettings = {
				INFOPLIST_FILE = AgendaDeContatosUITests/Info.plist;
				LD_RUNPATH_SEARCH_PATHS = "$(inherited) @executable_path/Frameworks @loader_path/Frameworks";
				PRODUCT_BUNDLE_IDENTIFIER = com.carloscandreva.AgendaDeContatosUITests;
				PRODUCT_NAME = "$(TARGET_NAME)";
				TEST_TARGET_NAME = AgendaDeContatos;
				USES_XCTRUNNER = YES;
			};
			name = Debug;
		};
		145EBF9F1BDFAC33006DF44B /* Release */ = {
			isa = XCBuildConfiguration;
			buildSettings = {
				INFOPLIST_FILE = AgendaDeContatosUITests/Info.plist;
				LD_RUNPATH_SEARCH_PATHS = "$(inherited) @executable_path/Frameworks @loader_path/Frameworks";
				PRODUCT_BUNDLE_IDENTIFIER = com.carloscandreva.AgendaDeContatosUITests;
				PRODUCT_NAME = "$(TARGET_NAME)";
				TEST_TARGET_NAME = AgendaDeContatos;
				USES_XCTRUNNER = YES;
			};
			name = Release;
		};
/* End XCBuildConfiguration section */

/* Begin XCConfigurationList section */
		145EBF621BDFAC32006DF44B /* Build configuration list for PBXProject "AgendaDeContatos" */ = {
			isa = XCConfigurationList;
			buildConfigurations = (
				145EBF951BDFAC33006DF44B /* Debug */,
				145EBF961BDFAC33006DF44B /* Release */,
			);
			defaultConfigurationIsVisible = 0;
			defaultConfigurationName = Release;
		};
		145EBF971BDFAC33006DF44B /* Build configuration list for PBXNativeTarget "AgendaDeContatos" */ = {
			isa = XCConfigurationList;
			buildConfigurations = (
				145EBF981BDFAC33006DF44B /* Debug */,
				145EBF991BDFAC33006DF44B /* Release */,
			);
			defaultConfigurationIsVisible = 0;
		};
		145EBF9A1BDFAC33006DF44B /* Build configuration list for PBXNativeTarget "AgendaDeContatosTests" */ = {
			isa = XCConfigurationList;
			buildConfigurations = (
				145EBF9B1BDFAC33006DF44B /* Debug */,
				145EBF9C1BDFAC33006DF44B /* Release */,
			);
			defaultConfigurationIsVisible = 0;
		};
		145EBF9D1BDFAC33006DF44B /* Build configuration list for PBXNativeTarget "AgendaDeContatosUITests" */ = {
			isa = XCConfigurationList;
			buildConfigurations = (
				145EBF9E1BDFAC33006DF44B /* Debug */,
				145EBF9F1BDFAC33006DF44B /* Release */,
			);
			defaultConfigurationIsVisible = 0;
		};
/* End XCConfigurationList section */

/* Begin XCVersionGroup section */
		145EBF761BDFAC33006DF44B /* AgendaDeContatos.xcdatamodeld */ = {
			isa = XCVersionGroup;
			children = (
				145EBF771BDFAC33006DF44B /* AgendaDeContatos.xcdatamodel */,
			);
			currentVersion = 145EBF771BDFAC33006DF44B /* AgendaDeContatos.xcdatamodel */;
			path = AgendaDeContatos.xcdatamodeld;
			sourceTree = "<group>";
			versionGroupType = wrapper.xcdatamodel;
		};
/* End XCVersionGroup section */
	};
	rootObject = 145EBF5F1BDFAC32006DF44B /* Project object */;
}
